PODS:
  - Alamofire (4.7.3)
  - DBDebugToolkit (0.5.0)
  - GSImageViewerController (1.4.2)

DEPENDENCIES:
  - Alamofire (~> 4.7)
  - DBDebugToolkit
  - GSImageViewerController

SPEC REPOS:
  https://github.com/cocoapods/specs.git:
    - Alamofire
    - DBDebugToolkit
    - GSImageViewerController

SPEC CHECKSUMS:
  Alamofire: c7287b6e5d7da964a70935e5db17046b7fde6568
  DBDebugToolkit: c04bb6f618051d3de447a4b4323f37826116cfed
  GSImageViewerController: 38b1aabbc8ca0ffad2b38c67768bcc9248287375

PODFILE CHECKSUM: 0c0381c66b9ad23a3f0abe6289b76db2fa2902d1

COCOAPODS: 1.5.3
